schema: '2.0'
stages:
  stage_01:
    cmd: python stage_01.py
    deps:
    - path: stage_01.py
      hash: md5
      md5: fbab1ce0ee2d1860a7a4e09c708fee3c
      size: 91
    outs:
    - path: artifact.txt
      hash: md5
      md5: 7593b17fd4e7df118ac38f6ac967d344
      size: 37
  stage_02:
    cmd: python stage_02.py
    deps:
    - path: artifact.txt
      hash: md5
      md5: 7593b17fd4e7df118ac38f6ac967d344
      size: 37
    - path: stage_02.py
      hash: md5
      md5: c104c560c3d6be5b64ea740cfc668ef3
      size: 101
